// !$*UTF8*$!
{
	archiveVersion = 1;
	classes = {
	};
	objectVersion = 63;
	objects = {

/* Begin PBXBuildFile section */
		13A633B707EE6F99B6801F69 /* BreakView.swift in Sources */ = {isa = PBXBuildFile; fileRef = 60A850BFADFB128861CBC670 /* BreakView.swift */; };
		3658A41DF81A7CCCC0930D51 /* ContentView.swift in Sources */ = {isa = PBXBuildFile; fileRef = EA97FCE2E1C3DC94B0AB773E /* ContentView.swift */; };
		8042BA892F5AD40C00076372 /* FirebaseCore in Frameworks */ = {isa = PBXBuildFile; productRef = 8042BA872F5AD40C00076372 /* FirebaseCore */; };
		8042BA8A2F5AD40C00076372 /* FirebaseFirestore in Frameworks */ = {isa = PBXBuildFile; productRef = 8042BA882F5AD40C00076372 /* FirebaseFirestore */; };
		8042BA8E2F5AD40C00076372 /* FirebaseAuth in Frameworks */ = {isa = PBXBuildFile; productRef = 8042BA8F2F5AD40C00076372 /* FirebaseAuth */; };
		B76440C71D6D05765489F90F /* LoginQuestionnaireAppApp.swift in Sources */ = {isa = PBXBuildFile; fileRef = A00C378AD967709DA5D62842 /* LoginQuestionnaireAppApp.swift */; };
		C0F296BAB74A603FB30080BF /* AppState.swift in Sources */ = {isa = PBXBuildFile; fileRef = 2727C4771B3B3173DF3FE4F7 /* AppState.swift */; };
		C3F3206FC4C8C07662B1B39E /* QuestionnaireView.swift in Sources */ = {isa = PBXBuildFile; fileRef = 7959AD8C3DBD2795D05552ED /* QuestionnaireView.swift */; };
		D4A09EB45433900BA8412077 /* LoginView.swift in Sources */ = {isa = PBXBuildFile; fileRef = FCDCB84C84CFC396C6CCE1FF /* LoginView.swift */; };
		Q1M1Q2S3E4R5V6I7C8E9A0B3 /* QuestionnaireService.swift in Sources */ = {isa = PBXBuildFile; fileRef = Q1M1Q2S3E4R5V6I7C8E9A0B1 /* QuestionnaireService.swift */; };
		Q1M1Q2S3E4R5V6I7C8E9A0B4 /* QuestionnaireModels.swift in Sources */ = {isa = PBXBuildFile; fileRef = Q1M1Q2S3E4R5V6I7C8E9A0B2 /* QuestionnaireModels.swift */; };
		8042BA8C2F5AE58000076372 /* GoogleService-Info.plist in Resources */ = {isa = PBXBuildFile; fileRef = 8042BA862F5AE58000076372 /* GoogleService-Info.plist */; };
		B1R2E3A4K5S6E7R8V9I0C11 /* BreakService.swift in Sources */ = {isa = PBXBuildFile; fileRef = B1R2E3A4K5S6E7R8V9I0C12 /* BreakService.swift */; };
/* End PBXBuildFile section */

/* Begin PBXFileReference section */
		2727C4771B3B3173DF3FE4F7 /* AppState.swift */ = {isa = PBXFileReference; lastKnownFileType = sourcecode.swift; path = AppState.swift; sourceTree = "<group>"; };
		60A850BFADFB128861CBC670 /* BreakView.swift */ = {isa = PBXFileReference; lastKnownFileType = sourcecode.swift; path = BreakView.swift; sourceTree = "<group>"; };
		7959AD8C3DBD2795D05552ED /* QuestionnaireView.swift */ = {isa = PBXFileReference; lastKnownFileType = sourcecode.swift; path = QuestionnaireView.swift; sourceTree = "<group>"; };
		8042BA862F5AE58000076372 /* GoogleService-Info.plist */ = {isa = PBXFileReference; lastKnownFileType = text.plist.xml; path = "GoogleService-Info.plist"; sourceTree = "<group>"; };
		A00C378AD967709DA5D62842 /* LoginQuestionnaireAppApp.swift */ = {isa = PBXFileReference; lastKnownFileType = sourcecode.swift; path = LoginQuestionnaireAppApp.swift; sourceTree = "<group>"; };
		E8271B7B94E2D963D4DC4706 /* LoginQuestionnaireApp.app */ = {isa = PBXFileReference; explicitFileType = wrapper.application; includeInIndex = 0; path = LoginQuestionnaireApp.app; sourceTree = BUILT_PRODUCTS_DIR; };
		EA97FCE2E1C3DC94B0AB773E /* ContentView.swift */ = {isa = PBXFileReference; lastKnownFileType = sourcecode.swift; path = ContentView.swift; sourceTree = "<group>"; };
		FCDCB84C84CFC396C6CCE1FF /* LoginView.swift */ = {isa = PBXFileReference; lastKnownFileType = sourcecode.swift; path = LoginView.swift; sourceTree = "<group>"; };
		Q1M1Q2S3E4R5V6I7C8E9A0B1 /* QuestionnaireService.swift */ = {isa = PBXFileReference; lastKnownFileType = sourcecode.swift; path = QuestionnaireService.swift; sourceTree = "<group>"; };
		Q1M1Q2S3E4R5V6I7C8E9A0B2 /* QuestionnaireModels.swift */ = {isa = PBXFileReference; lastKnownFileType = sourcecode.swift; path = QuestionnaireModels.swift; sourceTree = "<group>"; };
		B1R2E3A4K5S6E7R8V9I0C12 /* BreakService.swift */ = {isa = PBXFileReference; lastKnownFileType = sourcecode.swift; path = BreakService.swift; sourceTree = "<group>"; };
/* End PBXFileReference section */

/* Begin PBXFrameworksBuildPhase section */
		8042BA8B2F5AD40C00076372 /* Frameworks */ = {
			isa = PBXFrameworksBuildPhase;
			buildActionMask = 2147483647;
			files = (
				8042BA892F5AD40C00076372 /* FirebaseCore in Frameworks */,
				8042BA8A2F5AD40C00076372 /* FirebaseFirestore in Frameworks */,
				8042BA8E2F5AD40C00076372 /* FirebaseAuth in Frameworks */,
			);
			runOnlyForDeploymentPostprocessing = 0;
		};
/* End PBXFrameworksBuildPhase section */

/* Begin PBXResourcesBuildPhase section */
		8042BA8D2F5AE58000076372 /* Resources */ = {
			isa = PBXResourcesBuildPhase;
			buildActionMask = 2147483647;
			files = (
				8042BA8C2F5AE58000076372 /* GoogleService-Info.plist in Resources */,
			);
			runOnlyForDeploymentPostprocessing = 0;
		};
/* End PBXResourcesBuildPhase section */

/* Begin PBXGroup section */
		115E55D8EDFEEC9FB2637AAD /* Products */ = {
			isa = PBXGroup;
			children = (
				E8271B7B94E2D963D4DC4706 /* LoginQuestionnaireApp.app */,
			);
			name = Products;
			sourceTree = "<group>";
		};
		BA9C245190EF722DC367155D = {
			isa = PBXGroup;
			children = (
				DE19BC0FCD9967748D44BE6A /* LoginQuestionnaireApp */,
				115E55D8EDFEEC9FB2637AAD /* Products */,
			);
			sourceTree = "<group>";
		};
		DE19BC0FCD9967748D44BE6A /* LoginQuestionnaireApp */ = {
			isa = PBXGroup;
			children = (
				2727C4771B3B3173DF3FE4F7 /* AppState.swift */,
				60A850BFADFB128861CBC670 /* BreakView.swift */,
				EA97FCE2E1C3DC94B0AB773E /* ContentView.swift */,
				A00C378AD967709DA5D62842 /* LoginQuestionnaireAppApp.swift */,
				8042BA862F5AE58000076372 /* GoogleService-Info.plist */,
				FCDCB84C84CFC396C6CCE1FF /* LoginView.swift */,
				7959AD8C3DBD2795D05552ED /* QuestionnaireView.swift */,
				Q1M1Q2S3E4R5V6I7C8E9A0B1 /* QuestionnaireService.swift */,
				Q1M1Q2S3E4R5V6I7C8E9A0B2 /* QuestionnaireModels.swift */,
				B1R2E3A4K5S6E7R8V9I0C12 /* BreakService.swift */,
			);
			path = LoginQuestionnaireApp;
			sourceTree = "<group>";
		};
/* End PBXGroup section */

/* Begin PBXNativeTarget section */
		7CCF7DC817432A14DC45DD7F /* LoginQuestionnaireApp */ = {
			isa = PBXNativeTarget;
			buildConfigurationList = 6FBA14E5A6224A2D98F722C5 /* Build configuration list for PBXNativeTarget "LoginQuestionnaireApp" */;
			buildPhases = (
				FDA8F4ECD5BE94856A9343FD /* Sources */,
				8042BA8B2F5AD40C00076372 /* Frameworks */,
				8042BA8D2F5AE58000076372 /* Resources */,
			);
			buildRules = (
			);
			dependencies = (
			);
			name = LoginQuestionnaireApp;
			packageProductDependencies = (
				8042BA872F5AD40C00076372 /* FirebaseCore */,
				8042BA882F5AD40C00076372 /* FirebaseFirestore */,
				8042BA8F2F5AD40C00076372 /* FirebaseAuth */,
			);
			productName = LoginQuestionnaireApp;
			productReference = E8271B7B94E2D963D4DC4706 /* LoginQuestionnaireApp.app */;
			productType = "com.apple.product-type.application";
		};
/* End PBXNativeTarget section */

/* Begin PBXProject section */
		801E077D80A52AD2CD700AC0 /* Project object */ = {
			isa = PBXProject;
			attributes = {
				BuildIndependentTargetsInParallel = YES;
				LastUpgradeCheck = 1500;
			};
			buildConfigurationList = 22848EE3563172B94E2F09B0 /* Build configuration list for PBXProject "LoginQuestionnaireApp" */;
			compatibilityVersion = "Xcode 14.0";
			developmentRegion = en;
			hasScannedForEncodings = 0;
			knownRegions = (
				Base,
				en,
			);
			mainGroup = BA9C245190EF722DC367155D;
			minimizedProjectReferenceProxies = 1;
			packageReferences = (
				8042BA852F5AD40C00076372 /* XCRemoteSwiftPackageReference "firebase-ios-sdk" */,
			);
			projectDirPath = "";
			projectRoot = "";
			targets = (
				7CCF7DC817432A14DC45DD7F /* LoginQuestionnaireApp */,
			);
		};
/* End PBXProject section */

/* Begin PBXSourcesBuildPhase section */
		FDA8F4ECD5BE94856A9343FD /* Sources */ = {
			isa = PBXSourcesBuildPhase;
			buildActionMask = 2147483647;
			files = (
				C0F296BAB74A603FB30080BF /* AppState.swift in Sources */,
				13A633B707EE6F99B6801F69 /* BreakView.swift in Sources */,
				3658A41DF81A7CCCC0930D51 /* ContentView.swift in Sources */,
				B76440C71D6D05765489F90F /* LoginQuestionnaireAppApp.swift in Sources */,
				D4A09EB45433900BA8412077 /* LoginView.swift in Sources */,
				C3F3206FC4C8C07662B1B39E /* QuestionnaireView.swift in Sources */,
				Q1M1Q2S3E4R5V6I7C8E9A0B3 /* QuestionnaireService.swift in Sources */,
				Q1M1Q2S3E4R5V6I7C8E9A0B4 /* QuestionnaireModels.swift in Sources */,
				B1R2E3A4K5S6E7R8V9I0C11 /* BreakService.swift in Sources */,
			);
			runOnlyForDeploymentPostprocessing = 0;
		};
/* End PBXSourcesBuildPhase section */

/* Begin XCBuildConfiguration section */
		081580ED4A724319C27B9723 /* Debug */ = {
			isa = XCBuildConfiguration;
			buildSettings = {
				ASSETCATALOG_COMPILER_APPICON_NAME = AppIcon;
				CODE_SIGN_IDENTITY = "iPhone Developer";
				GENERATE_INFOPLIST_FILE = YES;
				INFOPLIST_KEY_CFBundleDisplayName = "Login QuestionNair";
				INFOPLIST_KEY_UIApplicationSupportsIndirectInputEvents = YES;
				INFOPLIST_KEY_UILaunchScreen_Generation = YES;
				INFOPLIST_KEY_UISupportedInterfaceOrientations_iPad = "UIInterfaceOrientationPortrait UIInterfaceOrientationPortraitUpsideDown UIInterfaceOrientationLandscapeLeft UIInterfaceOrientationLandscapeRight";
				INFOPLIST_KEY_UISupportedInterfaceOrientations_iPhone = "UIInterfaceOrientationPortrait UIInterfaceOrientationLandscapeLeft UIInterfaceOrientationLandscapeRight";
				LD_RUNPATH_SEARCH_PATHS = (
					"$(inherited)",
					"@executable_path/Frameworks",
				);
				PRODUCT_BUNDLE_IDENTIFIER = com.example.LoginQuestionnaireApp;
				SDKROOT = iphoneos;
				TARGETED_DEVICE_FAMILY = "1,2";
			};
			name = Debug;
		};
		209645AA05B3C95B502221B1 /* Debug */ = {
			isa = XCBuildConfiguration;
			buildSettings = {
				ALWAYS_SEARCH_USER_PATHS = NO;
				CLANG_ANALYZER_NONNULL = YES;
				CLANG_ANALYZER_NUMBER_OBJECT_CONVERSION = YES_AGGRESSIVE;
				CLANG_CXX_LANGUAGE_STANDARD = "gnu++14";
				CLANG_CXX_LIBRARY = "libc++";
				CLANG_ENABLE_MODULES = YES;
				CLANG_ENABLE_OBJC_ARC = YES;
				CLANG_ENABLE_OBJC_WEAK = YES;
				CLANG_WARN_BLOCK_CAPTURE_AUTORELEASING = YES;
				CLANG_WARN_BOOL_CONVERSION = YES;
				CLANG_WARN_COMMA = YES;
				CLANG_WARN_CONSTANT_CONVERSION = YES;
				CLANG_WARN_DEPRECATED_OBJC_IMPLEMENTATIONS = YES;
				CLANG_WARN_DIRECT_OBJC_ISA_USAGE = YES_ERROR;
				CLANG_WARN_DOCUMENTATION_COMMENTS = YES;
				CLANG_WARN_EMPTY_BODY = YES;
				CLANG_WARN_ENUM_CONVERSION = YES;
				CLANG_WARN_INFINITE_RECURSION = YES;
				CLANG_WARN_INT_CONVERSION = YES;
				CLANG_WARN_NON_LITERAL_NULL_CONVERSION = YES;
				CLANG_WARN_OBJC_IMPLICIT_RETAIN_SELF = YES;
				CLANG_WARN_OBJC_LITERAL_CONVERSION = YES;
				CLANG_WARN_OBJC_ROOT_CLASS = YES_ERROR;
				CLANG_WARN_QUOTED_INCLUDE_IN_FRAMEWORK_HEADER = YES;
				CLANG_WARN_RANGE_LOOP_ANALYSIS = YES;
				CLANG_WARN_STRICT_PROTOTYPES = YES;
				CLANG_WARN_SUSPICIOUS_MOVE = YES;
				CLANG_WARN_UNGUARDED_AVAILABILITY = YES_AGGRESSIVE;
				CLANG_WARN_UNREACHABLE_CODE = YES;
				CLANG_WARN__DUPLICATE_METHOD_MATCH = YES;
				COPY_PHASE_STRIP = NO;
				DEBUG_INFORMATION_FORMAT = dwarf;
				ENABLE_STRICT_OBJC_MSGSEND = YES;
				ENABLE_TESTABILITY = YES;
				GCC_C_LANGUAGE_STANDARD = gnu11;
				GCC_DYNAMIC_NO_PIC = NO;
				GCC_NO_COMMON_BLOCKS = YES;
				GCC_OPTIMIZATION_LEVEL = 0;
				GCC_PREPROCESSOR_DEFINITIONS = (
					"$(inherited)",
					"DEBUG=1",
				);
				GCC_WARN_64_TO_32_BIT_CONVERSION = YES;
				GCC_WARN_ABOUT_RETURN_TYPE = YES_ERROR;
				GCC_WARN_UNDECLARED_SELECTOR = YES;
				GCC_WARN_UNINITIALIZED_AUTOS = YES_AGGRESSIVE;
				GCC_WARN_UNUSED_FUNCTION = YES;
				GCC_WARN_UNUSED_VARIABLE = YES;
				IPHONEOS_DEPLOYMENT_TARGET = 17.0;
				MTL_ENABLE_DEBUG_INFO = INCLUDE_SOURCE;
				MTL_FAST_MATH = YES;
				ONLY_ACTIVE_ARCH = YES;
				PRODUCT_NAME = "$(TARGET_NAME)";
				SDKROOT = iphoneos;
				SWIFT_ACTIVE_COMPILATION_CONDITIONS = DEBUG;
				SWIFT_OPTIMIZATION_LEVEL = "-Onone";
				SWIFT_VERSION = 5.0;
			};
			name = Debug;
		};
		5FB470C3A2D3392F219FE233 /* Release */ = {
			isa = XCBuildConfiguration;
			buildSettings = {
				ASSETCATALOG_COMPILER_APPICON_NAME = AppIcon;
				CODE_SIGN_IDENTITY = "iPhone Developer";
				GENERATE_INFOPLIST_FILE = YES;
				INFOPLIST_KEY_CFBundleDisplayName = "Login QuestionNair";
				INFOPLIST_KEY_UIApplicationSupportsIndirectInputEvents = YES;
				INFOPLIST_KEY_UILaunchScreen_Generation = YES;
				INFOPLIST_KEY_UISupportedInterfaceOrientations_iPad = "UIInterfaceOrientationPortrait UIInterfaceOrientationPortraitUpsideDown UIInterfaceOrientationLandscapeLeft UIInterfaceOrientationLandscapeRight";
				INFOPLIST_KEY_UISupportedInterfaceOrientations_iPhone = "UIInterfaceOrientationPortrait UIInterfaceOrientationLandscapeLeft UIInterfaceOrientationLandscapeRight";
				LD_RUNPATH_SEARCH_PATHS = (
					"$(inherited)",
					"@executable_path/Frameworks",
				);
				PRODUCT_BUNDLE_IDENTIFIER = com.example.LoginQuestionnaireApp;
				SDKROOT = iphoneos;
				TARGETED_DEVICE_FAMILY = "1,2";
			};
			name = Release;
		};
		A18D49FD89E0CD49F79FB2B6 /* Release */ = {
			isa = XCBuildConfiguration;
			buildSettings = {
				ALWAYS_SEARCH_USER_PATHS = NO;
				CLANG_ANALYZER_NONNULL = YES;
				CLANG_ANALYZER_NUMBER_OBJECT_CONVERSION = YES_AGGRESSIVE;
				CLANG_CXX_LANGUAGE_STANDARD = "gnu++14";
				CLANG_CXX_LIBRARY = "libc++";
				CLANG_ENABLE_MODULES = YES;
				CLANG_ENABLE_OBJC_ARC = YES;
				CLANG_ENABLE_OBJC_WEAK = YES;
				CLANG_WARN_BLOCK_CAPTURE_AUTORELEASING = YES;
				CLANG_WARN_BOOL_CONVERSION = YES;
				CLANG_WARN_COMMA = YES;
				CLANG_WARN_CONSTANT_CONVERSION = YES;
				CLANG_WARN_DEPRECATED_OBJC_IMPLEMENTATIONS = YES;
				CLANG_WARN_DIRECT_OBJC_ISA_USAGE = YES_ERROR;
				CLANG_WARN_DOCUMENTATION_COMMENTS = YES;
				CLANG_WARN_EMPTY_BODY = YES;
				CLANG_WARN_ENUM_CONVERSION = YES;
				CLANG_WARN_INFINITE_RECURSION = YES;
				CLANG_WARN_INT_CONVERSION = YES;
				CLANG_WARN_NON_LITERAL_NULL_CONVERSION = YES;
				CLANG_WARN_OBJC_IMPLICIT_RETAIN_SELF = YES;
				CLANG_WARN_OBJC_LITERAL_CONVERSION = YES;
				CLANG_WARN_OBJC_ROOT_CLASS = YES_ERROR;
				CLANG_WARN_QUOTED_INCLUDE_IN_FRAMEWORK_HEADER = YES;
				CLANG_WARN_RANGE_LOOP_ANALYSIS = YES;
				CLANG_WARN_STRICT_PROTOTYPES = YES;
				CLANG_WARN_SUSPICIOUS_MOVE = YES;
				CLANG_WARN_UNGUARDED_AVAILABILITY = YES_AGGRESSIVE;
				CLANG_WARN_UNREACHABLE_CODE = YES;
				CLANG_WARN__DUPLICATE_METHOD_MATCH = YES;
				COPY_PHASE_STRIP = NO;
				DEBUG_INFORMATION_FORMAT = "dwarf-with-dsym";
				ENABLE_NS_ASSERTIONS = NO;
				ENABLE_STRICT_OBJC_MSGSEND = YES;
				GCC_C_LANGUAGE_STANDARD = gnu11;
				GCC_NO_COMMON_BLOCKS = YES;
				GCC_WARN_64_TO_32_BIT_CONVERSION = YES;
				GCC_WARN_ABOUT_RETURN_TYPE = YES_ERROR;
				GCC_WARN_UNDECLARED_SELECTOR = YES;
				GCC_WARN_UNINITIALIZED_AUTOS = YES_AGGRESSIVE;
				GCC_WARN_UNUSED_FUNCTION = YES;
				GCC_WARN_UNUSED_VARIABLE = YES;
				IPHONEOS_DEPLOYMENT_TARGET = 17.0;
				MTL_ENABLE_DEBUG_INFO = NO;
				MTL_FAST_MATH = YES;
				PRODUCT_NAME = "$(TARGET_NAME)";
				SDKROOT = iphoneos;
				SWIFT_COMPILATION_MODE = wholemodule;
				SWIFT_OPTIMIZATION_LEVEL = "-O";
				SWIFT_VERSION = 5.0;
			};
			name = Release;
		};
/* End XCBuildConfiguration section */

/* Begin XCConfigurationList section */
		22848EE3563172B94E2F09B0 /* Build configuration list for PBXProject "LoginQuestionnaireApp" */ = {
			isa = XCConfigurationList;
			buildConfigurations = (
				209645AA05B3C95B502221B1 /* Debug */,
				A18D49FD89E0CD49F79FB2B6 /* Release */,
			);
			defaultConfigurationIsVisible = 0;
			defaultConfigurationName = Debug;
		};
		6FBA14E5A6224A2D98F722C5 /* Build configuration list for PBXNativeTarget "LoginQuestionnaireApp" */ = {
			isa = XCConfigurationList;
			buildConfigurations = (
				081580ED4A724319C27B9723 /* Debug */,
				5FB470C3A2D3392F219FE233 /* Release */,
			);
			defaultConfigurationIsVisible = 0;
			defaultConfigurationName = Debug;
		};
/* End XCConfigurationList section */

/* Begin XCRemoteSwiftPackageReference section */
		8042BA852F5AD40C00076372 /* XCRemoteSwiftPackageReference "firebase-ios-sdk" */ = {
			isa = XCRemoteSwiftPackageReference;
			repositoryURL = "https://github.com/firebase/firebase-ios-sdk";
			requirement = {
				kind = upToNextMajorVersion;
				minimumVersion = 12.10.0;
			};
		};
/* End XCRemoteSwiftPackageReference section */

/* Begin XCSwiftPackageProductDependency section */
		8042BA872F5AD40C00076372 /* FirebaseCore */ = {
			isa = XCSwiftPackageProductDependency;
			package = 8042BA852F5AD40C00076372 /* XCRemoteSwiftPackageReference "firebase-ios-sdk" */;
			productName = FirebaseCore;
		};
		8042BA882F5AD40C00076372 /* FirebaseFirestore */ = {
			isa = XCSwiftPackageProductDependency;
			package = 8042BA852F5AD40C00076372 /* XCRemoteSwiftPackageReference "firebase-ios-sdk" */;
			productName = FirebaseFirestore;
		};
		8042BA8F2F5AD40C00076372 /* FirebaseAuth */ = {
			isa = XCSwiftPackageProductDependency;
			package = 8042BA852F5AD40C00076372 /* XCRemoteSwiftPackageReference "firebase-ios-sdk" */;
			productName = FirebaseAuth;
		};
/* End XCSwiftPackageProductDependency section */
	};
	rootObject = 801E077D80A52AD2CD700AC0 /* Project object */;
}
